// !$*UTF8*$!
{
	archiveVersion = 1;
	classes = {
	};
	objectVersion = 46;
	objects = {

/* Begin PBXBuildFile section */
		26EDDD371E4C386200741B00 /* main.m in Sources */ = {isa = PBXBuildFile; fileRef = 26EDDD361E4C386200741B00 /* main.m */; };
		26EDDD3A1E4C386200741B00 /* AppDelegate.m in Sources */ = {isa = PBXBuildFile; fileRef = 26EDDD391E4C386200741B00 /* AppDelegate.m */; };
		26EDDD421E4C386200741B00 /* Assets.xcassets in Resources */ = {isa = PBXBuildFile; fileRef = 26EDDD411E4C386200741B00 /* Assets.xcassets */; };
		26EDDD451E4C386200741B00 /* LaunchScreen.storyboard in Resources */ = {isa = PBXBuildFile; fileRef = 26EDDD431E4C386200741B00 /* LaunchScreen.storyboard */; };
		26EDDD501E4C386200741B00 /* ZZHScrollControllerTests.m in Sources */ = {isa = PBXBuildFile; fileRef = 26EDDD4F1E4C386200741B00 /* ZZHScrollControllerTests.m */; };
		26EDDD5B1E4C386200741B00 /* ZZHScrollControllerUITests.m in Sources */ = {isa = PBXBuildFile; fileRef = 26EDDD5A1E4C386200741B00 /* ZZHScrollControllerUITests.m */; };
		26EDDD751E4C3AAC00741B00 /* ZZHScrollController.m in Sources */ = {isa = PBXBuildFile; fileRef = 26EDDD731E4C3AAC00741B00 /* ZZHScrollController.m */; };
		26EDDD761E4C3AAC00741B00 /* ZZHScrollController.xib in Resources */ = {isa = PBXBuildFile; fileRef = 26EDDD741E4C3AAC00741B00 /* ZZHScrollController.xib */; };
		26EDDD791E4C3D0700741B00 /* ZZHTableViewController.m in Sources */ = {isa = PBXBuildFile; fileRef = 26EDDD781E4C3D0700741B00 /* ZZHTableViewController.m */; };
		26EDDD7C1E4C50B100741B00 /* ZZHLabel.m in Sources */ = {isa = PBXBuildFile; fileRef = 26EDDD7B1E4C50B100741B00 /* ZZHLabel.m */; };
/* End PBXBuildFile section */

/* Begin PBXContainerItemProxy section */
		26EDDD4C1E4C386200741B00 /* PBXContainerItemProxy */ = {
			isa = PBXContainerItemProxy;
			containerPortal = 26EDDD2A1E4C386200741B00 /* Project object */;
			proxyType = 1;
			remoteGlobalIDString = 26EDDD311E4C386200741B00;
			remoteInfo = ZZHScrollController;
		};
		26EDDD571E4C386200741B00 /* PBXContainerItemProxy */ = {
			isa = PBXContainerItemProxy;
			containerPortal = 26EDDD2A1E4C386200741B00 /* Project object */;
			proxyType = 1;
			remoteGlobalIDString = 26EDDD311E4C386200741B00;
			remoteInfo = ZZHScrollController;
		};
/* End PBXContainerItemProxy section */

/* Begin PBXFileReference section */
		26EDDD321E4C386200741B00 /* ZZHScrollController.app */ = {isa = PBXFileReference; explicitFileType = wrapper.application; includeInIndex = 0; path = ZZHScrollController.app; sourceTree = BUILT_PRODUCTS_DIR; };
		26EDDD361E4C386200741B00 /* main.m */ = {isa = PBXFileReference; lastKnownFileType = sourcecode.c.objc; path = main.m; sourceTree = "<group>"; };
		26EDDD381E4C386200741B00 /* AppDelegate.h */ = {isa = PBXFileReference; lastKnownFileType = sourcecode.c.h; path = AppDelegate.h; sourceTree = "<group>"; };
		26EDDD391E4C386200741B00 /* AppDelegate.m */ = {isa = PBXFileReference; lastKnownFileType = sourcecode.c.objc; path = AppDelegate.m; sourceTree = "<group>"; };
		26EDDD411E4C386200741B00 /* Assets.xcassets */ = {isa = PBXFileReference; lastKnownFileType = folder.assetcatalog; path = Assets.xcassets; sourceTree = "<group>"; };
		26EDDD441E4C386200741B00 /* Base */ = {isa = PBXFileReference; lastKnownFileType = file.storyboard; name = Base; path = Base.lproj/LaunchScreen.storyboard; sourceTree = "<group>"; };
		26EDDD461E4C386200741B00 /* Info.plist */ = {isa = PBXFileReference; lastKnownFileType = text.plist.xml; path = Info.plist; sourceTree = "<group>"; };
		26EDDD4B1E4C386200741B00 /* ZZHScrollControllerTests.xctest */ = {isa = PBXFileReference; explicitFileType = wrapper.cfbundle; includeInIndex = 0; path = ZZHScrollControllerTests.xctest; sourceTree = BUILT_PRODUCTS_DIR; };
		26EDDD4F1E4C386200741B00 /* ZZHScrollControllerTests.m */ = {isa = PBXFileReference; lastKnownFileType = sourcecode.c.objc; path = ZZHScrollControllerTests.m; sourceTree = "<group>"; };
		26EDDD511E4C386200741B00 /* Info.plist */ = {isa = PBXFileReference; lastKnownFileType = text.plist.xml; path = Info.plist; sourceTree = "<group>"; };
		26EDDD561E4C386200741B00 /* ZZHScrollControllerUITests.xctest */ = {isa = PBXFileReference; explicitFileType = wrapper.cfbundle; includeInIndex = 0; path = ZZHScrollControllerUITests.xctest; sourceTree = BUILT_PRODUCTS_DIR; };
		26EDDD5A1E4C386200741B00 /* ZZHScrollControllerUITests.m */ = {isa = PBXFileReference; lastKnownFileType = sourcecode.c.objc; path = ZZHScrollControllerUITests.m; sourceTree = "<group>"; };
		26EDDD5C1E4C386200741B00 /* Info.plist */ = {isa = PBXFileReference; lastKnownFileType = text.plist.xml; path = Info.plist; sourceTree = "<group>"; };
		26EDDD721E4C3AAC00741B00 /* ZZHScrollController.h */ = {isa = PBXFileReference; fileEncoding = 4; lastKnownFileType = sourcecode.c.h; path = ZZHScrollController.h; sourceTree = "<group>"; };
		26EDDD731E4C3AAC00741B00 /* ZZHScrollController.m */ = {isa = PBXFileReference; fileEncoding = 4; lastKnownFileType = sourcecode.c.objc; path = ZZHScrollController.m; sourceTree = "<group>"; };
		26EDDD741E4C3AAC00741B00 /* ZZHScrollController.xib */ = {isa = PBXFileReference; fileEncoding = 4; lastKnownFileType = file.xib; path = ZZHScrollController.xib; sourceTree = "<group>"; };
		26EDDD771E4C3D0700741B00 /* ZZHTableViewController.h */ = {isa = PBXFileReference; fileEncoding = 4; lastKnownFileType = sourcecode.c.h; path = ZZHTableViewController.h; sourceTree = "<group>"; };
		26EDDD781E4C3D0700741B00 /* ZZHTableViewController.m */ = {isa = PBXFileReference; fileEncoding = 4; lastKnownFileType = sourcecode.c.objc; path = ZZHTableViewController.m; sourceTree = "<group>"; };
		26EDDD7A1E4C50B100741B00 /* ZZHLabel.h */ = {isa = PBXFileReference; fileEncoding = 4; lastKnownFileType = sourcecode.c.h; path = ZZHLabel.h; sourceTree = "<group>"; };
		26EDDD7B1E4C50B100741B00 /* ZZHLabel.m */ = {isa = PBXFileReference; fileEncoding = 4; lastKnownFileType = sourcecode.c.objc; path = ZZHLabel.m; sourceTree = "<group>"; };
/* End PBXFileReference section */

/* Begin PBXFrameworksBuildPhase section */
		26EDDD2F1E4C386200741B00 /* Frameworks */ = {
			isa = PBXFrameworksBuildPhase;
			buildActionMask = 2147483647;
			files = (
			);
			runOnlyForDeploymentPostprocessing = 0;
		};
		26EDDD481E4C386200741B00 /* Frameworks */ = {
			isa = PBXFrameworksBuildPhase;
			buildActionMask = 2147483647;
			files = (
			);
			runOnlyForDeploymentPostprocessing = 0;
		};
		26EDDD531E4C386200741B00 /* Frameworks */ = {
			isa = PBXFrameworksBuildPhase;
			buildActionMask = 2147483647;
			files = (
			);
			runOnlyForDeploymentPostprocessing = 0;
		};
/* End PBXFrameworksBuildPhase section */

/* Begin PBXGroup section */
		26EDDD291E4C386200741B00 = {
			isa = PBXGroup;
			children = (
				26EDDD341E4C386200741B00 /* ZZHScrollController */,
				26EDDD4E1E4C386200741B00 /* ZZHScrollControllerTests */,
				26EDDD591E4C386200741B00 /* ZZHScrollControllerUITests */,
				26EDDD331E4C386200741B00 /* Products */,
			);
			sourceTree = "<group>";
		};
		26EDDD331E4C386200741B00 /* Products */ = {
			isa = PBXGroup;
			children = (
				26EDDD321E4C386200741B00 /* ZZHScrollController.app */,
				26EDDD4B1E4C386200741B00 /* ZZHScrollControllerTests.xctest */,
				26EDDD561E4C386200741B00 /* ZZHScrollControllerUITests.xctest */,
			);
			name = Products;
			sourceTree = "<group>";
		};
		26EDDD341E4C386200741B00 /* ZZHScrollController */ = {
			isa = PBXGroup;
			children = (
				26EDDD381E4C386200741B00 /* AppDelegate.h */,
				26EDDD391E4C386200741B00 /* AppDelegate.m */,
				26EDDD721E4C3AAC00741B00 /* ZZHScrollController.h */,
				26EDDD731E4C3AAC00741B00 /* ZZHScrollController.m */,
				26EDDD741E4C3AAC00741B00 /* ZZHScrollController.xib */,
				26EDDD771E4C3D0700741B00 /* ZZHTableViewController.h */,
				26EDDD781E4C3D0700741B00 /* ZZHTableViewController.m */,
				26EDDD7A1E4C50B100741B00 /* ZZHLabel.h */,
				26EDDD7B1E4C50B100741B00 /* ZZHLabel.m */,
				26EDDD411E4C386200741B00 /* Assets.xcassets */,
				26EDDD431E4C386200741B00 /* LaunchScreen.storyboard */,
				26EDDD461E4C386200741B00 /* Info.plist */,
				26EDDD351E4C386200741B00 /* Supporting Files */,
			);
			path = ZZHScrollController;
			sourceTree = "<group>";
		};
		26EDDD351E4C386200741B00 /* Supporting Files */ = {
			isa = PBXGroup;
			children = (
				26EDDD361E4C386200741B00 /* main.m */,
			);
			name = "Supporting Files";
			sourceTree = "<group>";
		};
		26EDDD4E1E4C386200741B00 /* ZZHScrollControllerTests */ = {
			isa = PBXGroup;
			children = (
				26EDDD4F1E4C386200741B00 /* ZZHScrollControllerTests.m */,
				26EDDD511E4C386200741B00 /* Info.plist */,
			);
			path = ZZHScrollControllerTests;
			sourceTree = "<group>";
		};
		26EDDD591E4C386200741B00 /* ZZHScrollControllerUITests */ = {
			isa = PBXGroup;
			children = (
				26EDDD5A1E4C386200741B00 /* ZZHScrollControllerUITests.m */,
				26EDDD5C1E4C386200741B00 /* Info.plist */,
			);
			path = ZZHScrollControllerUITests;
			sourceTree = "<group>";
		};
/* End PBXGroup section */

/* Begin PBXNativeTarget section */
		26EDDD311E4C386200741B00 /* ZZHScrollController */ = {
			isa = PBXNativeTarget;
			buildConfigurationList = 26EDDD5F1E4C386200741B00 /* Build configuration list for PBXNativeTarget "ZZHScrollController" */;
			buildPhases = (
				26EDDD2E1E4C386200741B00 /* Sources */,
				26EDDD2F1E4C386200741B00 /* Frameworks */,
				26EDDD301E4C386200741B00 /* Resources */,
			);
			buildRules = (
			);
			dependencies = (
			);
			name = ZZHScrollController;
			productName = ZZHScrollController;
			productReference = 26EDDD321E4C386200741B00 /* ZZHScrollController.app */;
			productType = "com.apple.product-type.application";
		};
		26EDDD4A1E4C386200741B00 /* ZZHScrollControllerTests */ = {
			isa = PBXNativeTarget;
			buildConfigurationList = 26EDDD621E4C386200741B00 /* Build configuration list for PBXNativeTarget "ZZHScrollControllerTests" */;
			buildPhases = (
				26EDDD471E4C386200741B00 /* Sources */,
				26EDDD481E4C386200741B00 /* Frameworks */,
				26EDDD491E4C386200741B00 /* Resources */,
			);
			buildRules = (
			);
			dependencies = (
				26EDDD4D1E4C386200741B00 /* PBXTargetDependency */,
			);
			name = ZZHScrollControllerTests;
			productName = ZZHScrollControllerTests;
			productReference = 26EDDD4B1E4C386200741B00 /* ZZHScrollControllerTests.xctest */;
			productType = "com.apple.product-type.bundle.unit-test";
		};
		26EDDD551E4C386200741B00 /* ZZHScrollControllerUITests */ = {
			isa = PBXNativeTarget;
			buildConfigurationList = 26EDDD651E4C386200741B00 /* Build configuration list for PBXNativeTarget "ZZHScrollControllerUITests" */;
			buildPhases = (
				26EDDD521E4C386200741B00 /* Sources */,
				26EDDD531E4C386200741B00 /* Frameworks */,
				26EDDD541E4C386200741B00 /* Resources */,
			);
			buildRules = (
			);
			dependencies = (
				26EDDD581E4C386200741B00 /* PBXTargetDependency */,
			);
			name = ZZHScrollControllerUITests;
			productName = ZZHScrollControllerUITests;
			productReference = 26EDDD561E4C386200741B00 /* ZZHScrollControllerUITests.xctest */;
			productType = "com.apple.product-type.bundle.ui-testing";
		};
/* End PBXNativeTarget section */

/* Begin PBXProject section */
		26EDDD2A1E4C386200741B00 /* Project object */ = {
			isa = PBXProject;
			attributes = {
				CLASSPREFIX = ZZH;
				LastUpgradeCheck = 0820;
				ORGANIZATIONNAME = zzh;
				TargetAttributes = {
					26EDDD311E4C386200741B00 = {
						CreatedOnToolsVersion = 8.2.1;
						DevelopmentTeam = PTZL69GT3W;
						ProvisioningStyle = Automatic;
					};
					26EDDD4A1E4C386200741B00 = {
						CreatedOnToolsVersion = 8.2.1;
						DevelopmentTeam = PTZL69GT3W;
						ProvisioningStyle = Automatic;
						TestTargetID = 26EDDD311E4C386200741B00;
					};
					26EDDD551E4C386200741B00 = {
						CreatedOnToolsVersion = 8.2.1;
						DevelopmentTeam = PTZL69GT3W;
						ProvisioningStyle = Automatic;
						TestTargetID = 26EDDD311E4C386200741B00;
					};
				};
			};
			buildConfigurationList = 26EDDD2D1E4C386200741B00 /* Build configuration list for PBXProject "ZZHScrollController" */;
			compatibilityVersion = "Xcode 3.2";
			developmentRegion = English;
			hasScannedForEncodings = 0;
			knownRegions = (
				en,
				Base,
			);
			mainGroup = 26EDDD291E4C386200741B00;
			productRefGroup = 26EDDD331E4C386200741B00 /* Products */;
			projectDirPath = "";
			projectRoot = "";
			targets = (
				26EDDD311E4C386200741B00 /* ZZHScrollController */,
				26EDDD4A1E4C386200741B00 /* ZZHScrollControllerTests */,
				26EDDD551E4C386200741B00 /* ZZHScrollControllerUITests */,
			);
		};
/* End PBXProject section */

/* Begin PBXResourcesBuildPhase section */
		26EDDD301E4C386200741B00 /* Resources */ = {
			isa = PBXResourcesBuildPhase;
			buildActionMask = 2147483647;
			files = (
				26EDDD451E4C386200741B00 /* LaunchScreen.storyboard in Resources */,
				26EDDD761E4C3AAC00741B00 /* ZZHScrollController.xib in Resources */,
				26EDDD421E4C386200741B00 /* Assets.xcassets in Resources */,
			);
			runOnlyForDeploymentPostprocessing = 0;
		};
		26EDDD491E4C386200741B00 /* Resources */ = {
			isa = PBXResourcesBuildPhase;
			buildActionMask = 2147483647;
			files = (
			);
			runOnlyForDeploymentPostprocessing = 0;
		};
		26EDDD541E4C386200741B00 /* Resources */ = {
			isa = PBXResourcesBuildPhase;
			buildActionMask = 2147483647;
			files = (
			);
			runOnlyForDeploymentPostprocessing = 0;
		};
/* End PBXResourcesBuildPhase section */

/* Begin PBXSourcesBuildPhase section */
		26EDDD2E1E4C386200741B00 /* Sources */ = {
			isa = PBXSourcesBuildPhase;
			buildActionMask = 2147483647;
			files = (
				26EDDD751E4C3AAC00741B00 /* ZZHScrollController.m in Sources */,
				26EDDD3A1E4C386200741B00 /* AppDelegate.m in Sources */,
				26EDDD791E4C3D0700741B00 /* ZZHTableViewController.m in Sources */,
				26EDDD7C1E4C50B100741B00 /* ZZHLabel.m in Sources */,
				26EDDD371E4C386200741B00 /* main.m in Sources */,
			);
			runOnlyForDeploymentPostprocessing = 0;
		};
		26EDDD471E4C386200741B00 /* Sources */ = {
			isa = PBXSourcesBuildPhase;
			buildActionMask = 2147483647;
			files = (
				26EDDD501E4C386200741B00 /* ZZHScrollControllerTests.m in Sources */,
			);
			runOnlyForDeploymentPostprocessing = 0;
		};
		26EDDD521E4C386200741B00 /* Sources */ = {
			isa = PBXSourcesBuildPhase;
			buildActionMask = 2147483647;
			files = (
				26EDDD5B1E4C386200741B00 /* ZZHScrollControllerUITests.m in Sources */,
			);
			runOnlyForDeploymentPostprocessing = 0;
		};
/* End PBXSourcesBuildPhase section */

/* Begin PBXTargetDependency section */
		26EDDD4D1E4C386200741B00 /* PBXTargetDependency */ = {
			isa = PBXTargetDependency;
			target = 26EDDD311E4C386200741B00 /* ZZHScrollController */;
			targetProxy = 26EDDD4C1E4C386200741B00 /* PBXContainerItemProxy */;
		};
		26EDDD581E4C386200741B00 /* PBXTargetDependency */ = {
			isa = PBXTargetDependency;
			target = 26EDDD311E4C386200741B00 /* ZZHScrollController */;
			targetProxy = 26EDDD571E4C386200741B00 /* PBXContainerItemProxy */;
		};
/* End PBXTargetDependency section */

/* Begin PBXVariantGroup section */
		26EDDD431E4C386200741B00 /* LaunchScreen.storyboard */ = {
			isa = PBXVariantGroup;
			children = (
				26EDDD441E4C386200741B00 /* Base */,
			);
			name = LaunchScreen.storyboard;
			sourceTree = "<group>";
		};
/* End PBXVariantGroup section */

/* Begin XCBuildConfiguration section */
		26EDDD5D1E4C386200741B00 /* Debug */ = {
			isa = XCBuildConfiguration;
			buildSettings = {
				ALWAYS_SEARCH_USER_PATHS = NO;
				CLANG_ANALYZER_NONNULL = YES;
				CLANG_CXX_LANGUAGE_STANDARD = "gnu++0x";
				CLANG_CXX_LIBRARY = "libc++";
				CLANG_ENABLE_MODULES = YES;
				CLANG_ENABLE_OBJC_ARC = YES;
				CLANG_WARN_BOOL_CONVERSION = YES;
				CLANG_WARN_CONSTANT_CONVERSION = YES;
				CLANG_WARN_DIRECT_OBJC_ISA_USAGE = YES_ERROR;
				CLANG_WARN_DOCUMENTATION_COMMENTS = YES;
				CLANG_WARN_EMPTY_BODY = YES;
				CLANG_WARN_ENUM_CONVERSION = YES;
				CLANG_WARN_INFINITE_RECURSION = YES;
				CLANG_WARN_INT_CONVERSION = YES;
				CLANG_WARN_OBJC_ROOT_CLASS = YES_ERROR;
				CLANG_WARN_SUSPICIOUS_MOVE = YES;
				CLANG_WARN_UNREACHABLE_CODE = YES;
				CLANG_WARN__DUPLICATE_METHOD_MATCH = YES;
				"CODE_SIGN_IDENTITY[sdk=iphoneos*]" = "iPhone Developer";
				COPY_PHASE_STRIP = NO;
				DEBUG_INFORMATION_FORMAT = dwarf;
				ENABLE_STRICT_OBJC_MSGSEND = YES;
				ENABLE_TESTABILITY = YES;
				GCC_C_LANGUAGE_STANDARD = gnu99;
				GCC_DYNAMIC_NO_PIC = NO;
				GCC_NO_COMMON_BLOCKS = YES;
				GCC_OPTIMIZATION_LEVEL = 0;
				GCC_PREPROCESSOR_DEFINITIONS = (
					"DEBUG=1",
					"$(inherited)",
				);
				GCC_WARN_64_TO_32_BIT_CONVERSION = YES;
				GCC_WARN_ABOUT_RETURN_TYPE = YES_ERROR;
				GCC_WARN_UNDECLARED_SELECTOR = YES;
				GCC_WARN_UNINITIALIZED_AUTOS = YES_AGGRESSIVE;
				GCC_WARN_UNUSED_FUNCTION = YES;
				GCC_WARN_UNUSED_VARIABLE = YES;
				IPHONEOS_DEPLOYMENT_TARGET = 10.2;
				MTL_ENABLE_DEBUG_INFO = YES;
				ONLY_ACTIVE_ARCH = YES;
				SDKROOT = iphoneos;
				TARGETED_DEVICE_FAMILY = "1,2";
			};
			name = Debug;
		};
		26EDDD5E1E4C386200741B00 /* Release */ = {
			isa = XCBuildConfiguration;
			buildSettings = {
				ALWAYS_SEARCH_USER_PATHS = NO;
				CLANG_ANALYZER_NONNULL = YES;
				CLANG_CXX_LANGUAGE_STANDARD = "gnu++0x";
				CLANG_CXX_LIBRARY = "libc++";
				CLANG_ENABLE_MODULES = YES;
				CLANG_ENABLE_OBJC_ARC = YES;
				CLANG_WARN_BOOL_CONVERSION = YES;
				CLANG_WARN_CONSTANT_CONVERSION = YES;
				CLANG_WARN_DIRECT_OBJC_ISA_USAGE = YES_ERROR;
				CLANG_WARN_DOCUMENTATION_COMMENTS = YES;
				CLANG_WARN_EMPTY_BODY = YES;
				CLANG_WARN_ENUM_CONVERSION = YES;
				CLANG_WARN_INFINITE_RECURSION = YES;
				CLANG_WARN_INT_CONVERSION = YES;
				CLANG_WARN_OBJC_ROOT_CLASS = YES_ERROR;
				CLANG_WARN_SUSPICIOUS_MOVE = YES;
				CLANG_WARN_UNREACHABLE_CODE = YES;
				CLANG_WARN__DUPLICATE_METHOD_MATCH = YES;
				"CODE_SIGN_IDENTITY[sdk=iphoneos*]" = "iPhone Developer";
				COPY_PHASE_STRIP = NO;
				DEBUG_INFORMATION_FORMAT = "dwarf-with-dsym";
				ENABLE_NS_ASSERTIONS = NO;
				ENABLE_STRICT_OBJC_MSGSEND = YES;
				GCC_C_LANGUAGE_STANDARD = gnu99;
				GCC_NO_COMMON_BLOCKS = YES;
				GCC_WARN_64_TO_32_BIT_CONVERSION = YES;
				GCC_WARN_ABOUT_RETURN_TYPE = YES_ERROR;
				GCC_WARN_UNDECLARED_SELECTOR = YES;
				GCC_WARN_UNINITIALIZED_AUTOS = YES_AGGRESSIVE;
				GCC_WARN_UNUSED_FUNCTION = YES;
				GCC_WARN_UNUSED_VARIABLE = YES;
				IPHONEOS_DEPLOYMENT_TARGET = 10.2;
				MTL_ENABLE_DEBUG_INFO = NO;
				SDKROOT = iphoneos;
				TARGETED_DEVICE_FAMILY = "1,2";
				VALIDATE_PRODUCT = YES;
			};
			name = Release;
		};
		26EDDD601E4C386200741B00 /* Debug */ = {
			isa = XCBuildConfiguration;
			buildSettings = {
				ASSETCATALOG_COMPILER_APPICON_NAME = AppIcon;
				DEVELOPMENT_TEAM = PTZL69GT3W;
				INFOPLIST_FILE = ZZHScrollController/Info.plist;
				LD_RUNPATH_SEARCH_PATHS = "$(inherited) @executable_path/Frameworks";
				PRODUCT_BUNDLE_IDENTIFIER = zzh.ZZHScrollController;
				PRODUCT_NAME = "$(TARGET_NAME)";
			};
			name = Debug;
		};
		26EDDD611E4C386200741B00 /* Release */ = {
			isa = XCBuildConfiguration;
			buildSettings = {
				ASSETCATALOG_COMPILER_APPICON_NAME = AppIcon;
				DEVELOPMENT_TEAM = PTZL69GT3W;
				INFOPLIST_FILE = ZZHScrollController/Info.plist;
				LD_RUNPATH_SEARCH_PATHS = "$(inherited) @executable_path/Frameworks";
				PRODUCT_BUNDLE_IDENTIFIER = zzh.ZZHScrollController;
				PRODUCT_NAME = "$(TARGET_NAME)";
			};
			name = Release;
		};
		26EDDD631E4C386200741B00 /* Debug */ = {
			isa = XCBuildConfiguration;
			buildSettings = {
				BUNDLE_LOADER = "$(TEST_HOST)";
				DEVELOPMENT_TEAM = PTZL69GT3W;
				INFOPLIST_FILE = ZZHScrollControllerTests/Info.plist;
				LD_RUNPATH_SEARCH_PATHS = "$(inherited) @executable_path/Frameworks @loader_path/Frameworks";
				PRODUCT_BUNDLE_IDENTIFIER = zzh.ZZHScrollControllerTests;
				PRODUCT_NAME = "$(TARGET_NAME)";
				TEST_HOST = "$(BUILT_PRODUCTS_DIR)/ZZHScrollController.app/ZZHScrollController";
			};
			name = Debug;
		};
		26EDDD641E4C386200741B00 /* Release */ = {
			isa = XCBuildConfiguration;
			buildSettings = {
				BUNDLE_LOADER = "$(TEST_HOST)";
				DEVELOPMENT_TEAM = PTZL69GT3W;
				INFOPLIST_FILE = ZZHScrollControllerTests/Info.plist;
				LD_RUNPATH_SEARCH_PATHS = "$(inherited) @executable_path/Frameworks @loader_path/Frameworks";
				PRODUCT_BUNDLE_IDENTIFIER = zzh.ZZHScrollControllerTests;
				PRODUCT_NAME = "$(TARGET_NAME)";
				TEST_HOST = "$(BUILT_PRODUCTS_DIR)/ZZHScrollController.app/ZZHScrollController";
			};
			name = Release;
		};
		26EDDD661E4C386200741B00 /* Debug */ = {
			isa = XCBuildConfiguration;
			buildSettings = {
				DEVELOPMENT_TEAM = PTZL69GT3W;
				INFOPLIST_FILE = ZZHScrollControllerUITests/Info.plist;
				LD_RUNPATH_SEARCH_PATHS = "$(inherited) @executable_path/Frameworks @loader_path/Frameworks";
				PRODUCT_BUNDLE_IDENTIFIER = zzh.ZZHScrollControllerUITests;
				PRODUCT_NAME = "$(TARGET_NAME)";
				TEST_TARGET_NAME = ZZHScrollController;
			};
			name = Debug;
		};
		26EDDD671E4C386200741B00 /* Release */ = {
			isa = XCBuildConfiguration;
			buildSettings = {
				DEVELOPMENT_TEAM = PTZL69GT3W;
				INFOPLIST_FILE = ZZHScrollControllerUITests/Info.plist;
				LD_RUNPATH_SEARCH_PATHS = "$(inherited) @executable_path/Frameworks @loader_path/Frameworks";
				PRODUCT_BUNDLE_IDENTIFIER = zzh.ZZHScrollControllerUITests;
				PRODUCT_NAME = "$(TARGET_NAME)";
				TEST_TARGET_NAME = ZZHScrollController;
			};
			name = Release;
		};
/* End XCBuildConfiguration section */

/* Begin XCConfigurationList section */
		26EDDD2D1E4C386200741B00 /* Build configuration list for PBXProject "ZZHScrollController" */ = {
			isa = XCConfigurationList;
			buildConfigurations = (
				26EDDD5D1E4C386200741B00 /* Debug */,
				26EDDD5E1E4C386200741B00 /* Release */,
			);
			defaultConfigurationIsVisible = 0;
			defaultConfigurationName = Release;
		};
		26EDDD5F1E4C386200741B00 /* Build configuration list for PBXNativeTarget "ZZHScrollController" */ = {
			isa = XCConfigurationList;
			buildConfigurations = (
				26EDDD601E4C386200741B00 /* Debug */,
				26EDDD611E4C386200741B00 /* Release */,
			);
			defaultConfigurationIsVisible = 0;
			defaultConfigurationName = Release;
		};
		26EDDD621E4C386200741B00 /* Build configuration list for PBXNativeTarget "ZZHScrollControllerTests" */ = {
			isa = XCConfigurationList;
			buildConfigurations = (
				26EDDD631E4C386200741B00 /* Debug */,
				26EDDD641E4C386200741B00 /* Release */,
			);
			defaultConfigurationIsVisible = 0;
			defaultConfigurationName = Release;
		};
		26EDDD651E4C386200741B00 /* Build configuration list for PBXNativeTarget "ZZHScrollControllerUITests" */ = {
			isa = XCConfigurationList;
			buildConfigurations = (
				26EDDD661E4C386200741B00 /* Debug */,
				26EDDD671E4C386200741B00 /* Release */,
			);
			defaultConfigurationIsVisible = 0;
			defaultConfigurationName = Release;
		};
/* End XCConfigurationList section */
	};
	rootObject = 26EDDD2A1E4C386200741B00 /* Project object */;
}
